{
  "originHash" : "c0e074653ab0ea777a28cee50ed0520f8f0276a164445ed5976950eea3c36ac4",
  "pins" : [
    {
      "identity" : "jxsegmentedview",
      "kind" : "remoteSourceControl",
      "location" : "https://github.com/sereivoanyong/JXSegmentedView",
      "state" : {
        "branch" : "sy/main",
        "revision" : "19e0201c7a951dc4bcdc5168bbed799d26d8716c"
      }
    },
    {
      "identity" : "kingfisher",
      "kind" : "remoteSourceControl",
      "location" : "https://github.com/onevcat/Kingfisher.git",
      "state" : {
        "revision" : "3db26ab625d194c38e68c1a40e43d1bc12743fe0",
        "version" : "8.2.0"
      }
    }
  ],
  "version" : 3
}
