{
  "originHash" : "f1cf46fa6dfd71b74770e8ad592aeea8791c568c77b92a2afec2119dfbbf7076",
  "pins" : [
    {
      "identity" : "jxsegmentedview",
      "kind" : "remoteSourceControl",
      "location" : "https://github.com/sereivoanyong/JXSegmentedView",
      "state" : {
        "branch" : "sy/main",
        "revision" : "e06a10e68f9a671562bc0a27de4a10a068f6b27b"
      }
    },
    {
      "identity" : "kingfisher",
      "kind" : "remoteSourceControl",
      "location" : "https://github.com/onevcat/Kingfisher.git",
      "state" : {
        "revision" : "3db26ab625d194c38e68c1a40e43d1bc12743fe0",
        "version" : "8.2.0"
      }
    }
  ],
  "version" : 3
}
